// !$*UTF8*$!
{
	archiveVersion = 1;
	classes = {
	};
	objectVersion = 50;
	objects = {

/* Begin PBXBuildFile section */
		8D94EC4823EC519000B52432 /* AppDelegate.swift in Sources */ = {isa = PBXBuildFile; fileRef = 8D94EC4723EC519000B52432 /* AppDelegate.swift */; };
		8D94EC4A23EC519000B52432 /* SceneDelegate.swift in Sources */ = {isa = PBXBuildFile; fileRef = 8D94EC4923EC519000B52432 /* SceneDelegate.swift */; };
		8D94EC4C23EC519000B52432 /* ViewController.swift in Sources */ = {isa = PBXBuildFile; fileRef = 8D94EC4B23EC519000B52432 /* ViewController.swift */; };
		8D94EC4F23EC519000B52432 /* Main.storyboard in Resources */ = {isa = PBXBuildFile; fileRef = 8D94EC4D23EC519000B52432 /* Main.storyboard */; };
		8D94EC5123EC519200B52432 /* Assets.xcassets in Resources */ = {isa = PBXBuildFile; fileRef = 8D94EC5023EC519200B52432 /* Assets.xcassets */; };
		8D94EC5423EC519200B52432 /* LaunchScreen.storyboard in Resources */ = {isa = PBXBuildFile; fileRef = 8D94EC5223EC519200B52432 /* LaunchScreen.storyboard */; };
		8D94EC5D23EC520900B52432 /* FirstTableCell.swift in Sources */ = {isa = PBXBuildFile; fileRef = 8D94EC5B23EC520900B52432 /* FirstTableCell.swift */; };
		8D94EC5E23EC520900B52432 /* FirstTableCell.xib in Resources */ = {isa = PBXBuildFile; fileRef = 8D94EC5C23EC520900B52432 /* FirstTableCell.xib */; };
/* End PBXBuildFile section */

/* Begin PBXFileReference section */
		8D94EC4423EC519000B52432 /* Lesson43.app */ = {isa = PBXFileReference; explicitFileType = wrapper.application; includeInIndex = 0; path = Lesson43.app; sourceTree = BUILT_PRODUCTS_DIR; };
		8D94EC4723EC519000B52432 /* AppDelegate.swift */ = {isa = PBXFileReference; lastKnownFileType = sourcecode.swift; path = AppDelegate.swift; sourceTree = "<group>"; };
		8D94EC4923EC519000B52432 /* SceneDelegate.swift */ = {isa = PBXFileReference; lastKnownFileType = sourcecode.swift; path = SceneDelegate.swift; sourceTree = "<group>"; };
		8D94EC4B23EC519000B52432 /* ViewController.swift */ = {isa = PBXFileReference; lastKnownFileType = sourcecode.swift; path = ViewController.swift; sourceTree = "<group>"; };
		8D94EC4E23EC519000B52432 /* Base */ = {isa = PBXFileReference; lastKnownFileType = file.storyboard; name = Base; path = Base.lproj/Main.storyboard; sourceTree = "<group>"; };
		8D94EC5023EC519200B52432 /* Assets.xcassets */ = {isa = PBXFileReference; lastKnownFileType = folder.assetcatalog; path = Assets.xcassets; sourceTree = "<group>"; };
		8D94EC5323EC519200B52432 /* Base */ = {isa = PBXFileReference; lastKnownFileType = file.storyboard; name = Base; path = Base.lproj/LaunchScreen.storyboard; sourceTree = "<group>"; };
		8D94EC5523EC519200B52432 /* Info.plist */ = {isa = PBXFileReference; lastKnownFileType = text.plist.xml; path = Info.plist; sourceTree = "<group>"; };
		8D94EC5B23EC520900B52432 /* FirstTableCell.swift */ = {isa = PBXFileReference; lastKnownFileType = sourcecode.swift; path = FirstTableCell.swift; sourceTree = "<group>"; };
		8D94EC5C23EC520900B52432 /* FirstTableCell.xib */ = {isa = PBXFileReference; lastKnownFileType = file.xib; path = FirstTableCell.xib; sourceTree = "<group>"; };
/* End PBXFileReference section */

/* Begin PBXFrameworksBuildPhase section */
		8D94EC4123EC519000B52432 /* Frameworks */ = {
			isa = PBXFrameworksBuildPhase;
			buildActionMask = 2147483647;
			files = (
			);
			runOnlyForDeploymentPostprocessing = 0;
		};
/* End PBXFrameworksBuildPhase section */

/* Begin PBXGroup section */
		8D94EC3B23EC519000B52432 = {
			isa = PBXGroup;
			children = (
				8D94EC4623EC519000B52432 /* Lesson43 */,
				8D94EC4523EC519000B52432 /* Products */,
			);
			sourceTree = "<group>";
		};
		8D94EC4523EC519000B52432 /* Products */ = {
			isa = PBXGroup;
			children = (
				8D94EC4423EC519000B52432 /* Lesson43.app */,
			);
			name = Products;
			sourceTree = "<group>";
		};
		8D94EC4623EC519000B52432 /* Lesson43 */ = {
			isa = PBXGroup;
			children = (
				8D94EC4723EC519000B52432 /* AppDelegate.swift */,
				8D94EC4923EC519000B52432 /* SceneDelegate.swift */,
				8D94EC4B23EC519000B52432 /* ViewController.swift */,
				8D94EC4D23EC519000B52432 /* Main.storyboard */,
				8D94EC5023EC519200B52432 /* Assets.xcassets */,
				8D94EC5223EC519200B52432 /* LaunchScreen.storyboard */,
				8D94EC5523EC519200B52432 /* Info.plist */,
				8D94EC5B23EC520900B52432 /* FirstTableCell.swift */,
				8D94EC5C23EC520900B52432 /* FirstTableCell.xib */,
			);
			path = Lesson43;
			sourceTree = "<group>";
		};
/* End PBXGroup section */

/* Begin PBXNativeTarget section */
		8D94EC4323EC519000B52432 /* Lesson43 */ = {
			isa = PBXNativeTarget;
			buildConfigurationList = 8D94EC5823EC519200B52432 /* Build configuration list for PBXNativeTarget "Lesson43" */;
			buildPhases = (
				8D94EC4023EC519000B52432 /* Sources */,
				8D94EC4123EC519000B52432 /* Frameworks */,
				8D94EC4223EC519000B52432 /* Resources */,
			);
			buildRules = (
			);
			dependencies = (
			);
			name = Lesson43;
			productName = Lesson43;
			productReference = 8D94EC4423EC519000B52432 /* Lesson43.app */;
			productType = "com.apple.product-type.application";
		};
/* End PBXNativeTarget section */

/* Begin PBXProject section */
		8D94EC3C23EC519000B52432 /* Project object */ = {
			isa = PBXProject;
			attributes = {
				LastSwiftUpdateCheck = 1130;
				LastUpgradeCheck = 1130;
				ORGANIZATIONNAME = Mukhammadyunus;
				TargetAttributes = {
					8D94EC4323EC519000B52432 = {
						CreatedOnToolsVersion = 11.3;
					};
				};
			};
			buildConfigurationList = 8D94EC3F23EC519000B52432 /* Build configuration list for PBXProject "Lesson43" */;
			compatibilityVersion = "Xcode 9.3";
			developmentRegion = en;
			hasScannedForEncodings = 0;
			knownRegions = (
				en,
				Base,
			);
			mainGroup = 8D94EC3B23EC519000B52432;
			productRefGroup = 8D94EC4523EC519000B52432 /* Products */;
			projectDirPath = "";
			projectRoot = "";
			targets = (
				8D94EC4323EC519000B52432 /* Lesson43 */,
			);
		};
/* End PBXProject section */

/* Begin PBXResourcesBuildPhase section */
		8D94EC4223EC519000B52432 /* Resources */ = {
			isa = PBXResourcesBuildPhase;
			buildActionMask = 2147483647;
			files = (
				8D94EC5423EC519200B52432 /* LaunchScreen.storyboard in Resources */,
				8D94EC5123EC519200B52432 /* Assets.xcassets in Resources */,
				8D94EC4F23EC519000B52432 /* Main.storyboard in Resources */,
				8D94EC5E23EC520900B52432 /* FirstTableCell.xib in Resources */,
			);
			runOnlyForDeploymentPostprocessing = 0;
		};
/* End PBXResourcesBuildPhase section */

/* Begin PBXSourcesBuildPhase section */
		8D94EC4023EC519000B52432 /* Sources */ = {
			isa = PBXSourcesBuildPhase;
			buildActionMask = 2147483647;
			files = (
				8D94EC4C23EC519000B52432 /* ViewController.swift in Sources */,
				8D94EC4823EC519000B52432 /* AppDelegate.swift in Sources */,
				8D94EC4A23EC519000B52432 /* SceneDelegate.swift in Sources */,
				8D94EC5D23EC520900B52432 /* FirstTableCell.swift in Sources */,
			);
			runOnlyForDeploymentPostprocessing = 0;
		};
/* End PBXSourcesBuildPhase section */

/* Begin PBXVariantGroup section */
		8D94EC4D23EC519000B52432 /* Main.storyboard */ = {
			isa = PBXVariantGroup;
			children = (
				8D94EC4E23EC519000B52432 /* Base */,
			);
			name = Main.storyboard;
			sourceTree = "<group>";
		};
		8D94EC5223EC519200B52432 /* LaunchScreen.storyboard */ = {
			isa = PBXVariantGroup;
			children = (
				8D94EC5323EC519200B52432 /* Base */,
			);
			name = LaunchScreen.storyboard;
			sourceTree = "<group>";
		};
/* End PBXVariantGroup section */

/* Begin XCBuildConfiguration section */
		8D94EC5623EC519200B52432 /* Debug */ = {
			isa = XCBuildConfiguration;
			buildSettings = {
				ALWAYS_SEARCH_USER_PATHS = NO;
				CLANG_ANALYZER_NONNULL = YES;
				CLANG_ANALYZER_NUMBER_OBJECT_CONVERSION = YES_AGGRESSIVE;
				CLANG_CXX_LANGUAGE_STANDARD = "gnu++14";
				CLANG_CXX_LIBRARY = "libc++";
				CLANG_ENABLE_MODULES = YES;
				CLANG_ENABLE_OBJC_ARC = YES;
				CLANG_ENABLE_OBJC_WEAK = YES;
				CLANG_WARN_BLOCK_CAPTURE_AUTORELEASING = YES;
				CLANG_WARN_BOOL_CONVERSION = YES;
				CLANG_WARN_COMMA = YES;
				CLANG_WARN_CONSTANT_CONVERSION = YES;
				CLANG_WARN_DEPRECATED_OBJC_IMPLEMENTATIONS = YES;
				CLANG_WARN_DIRECT_OBJC_ISA_USAGE = YES_ERROR;
				CLANG_WARN_DOCUMENTATION_COMMENTS = YES;
				CLANG_WARN_EMPTY_BODY = YES;
				CLANG_WARN_ENUM_CONVERSION = YES;
				CLANG_WARN_INFINITE_RECURSION = YES;
				CLANG_WARN_INT_CONVERSION = YES;
				CLANG_WARN_NON_LITERAL_NULL_CONVERSION = YES;
				CLANG_WARN_OBJC_IMPLICIT_RETAIN_SELF = YES;
				CLANG_WARN_OBJC_LITERAL_CONVERSION = YES;
				CLANG_WARN_OBJC_ROOT_CLASS = YES_ERROR;
				CLANG_WARN_RANGE_LOOP_ANALYSIS = YES;
				CLANG_WARN_STRICT_PROTOTYPES = YES;
				CLANG_WARN_SUSPICIOUS_MOVE = YES;
				CLANG_WARN_UNGUARDED_AVAILABILITY = YES_AGGRESSIVE;
				CLANG_WARN_UNREACHABLE_CODE = YES;
				CLANG_WARN__DUPLICATE_METHOD_MATCH = YES;
				COPY_PHASE_STRIP = NO;
				DEBUG_INFORMATION_FORMAT = dwarf;
				ENABLE_STRICT_OBJC_MSGSEND = YES;
				ENABLE_TESTABILITY = YES;
				GCC_C_LANGUAGE_STANDARD = gnu11;
				GCC_DYNAMIC_NO_PIC = NO;
				GCC_NO_COMMON_BLOCKS = YES;
				GCC_OPTIMIZATION_LEVEL = 0;
				GCC_PREPROCESSOR_DEFINITIONS = (
					"DEBUG=1",
					"$(inherited)",
				);
				GCC_WARN_64_TO_32_BIT_CONVERSION = YES;
				GCC_WARN_ABOUT_RETURN_TYPE = YES_ERROR;
				GCC_WARN_UNDECLARED_SELECTOR = YES;
				GCC_WARN_UNINITIALIZED_AUTOS = YES_AGGRESSIVE;
				GCC_WARN_UNUSED_FUNCTION = YES;
				GCC_WARN_UNUSED_VARIABLE = YES;
				IPHONEOS_DEPLOYMENT_TARGET = 13.2;
				MTL_ENABLE_DEBUG_INFO = INCLUDE_SOURCE;
				MTL_FAST_MATH = YES;
				ONLY_ACTIVE_ARCH = YES;
				SDKROOT = iphoneos;
				SWIFT_ACTIVE_COMPILATION_CONDITIONS = DEBUG;
				SWIFT_OPTIMIZATION_LEVEL = "-Onone";
			};
			name = Debug;
		};
		8D94EC5723EC519200B52432 /* Release */ = {
			isa = XCBuildConfiguration;
			buildSettings = {
				ALWAYS_SEARCH_USER_PATHS = NO;
				CLANG_ANALYZER_NONNULL = YES;
				CLANG_ANALYZER_NUMBER_OBJECT_CONVERSION = YES_AGGRESSIVE;
				CLANG_CXX_LANGUAGE_STANDARD = "gnu++14";
				CLANG_CXX_LIBRARY = "libc++";
				CLANG_ENABLE_MODULES = YES;
				CLANG_ENABLE_OBJC_ARC = YES;
				CLANG_ENABLE_OBJC_WEAK = YES;
				CLANG_WARN_BLOCK_CAPTURE_AUTORELEASING = YES;
				CLANG_WARN_BOOL_CONVERSION = YES;
				CLANG_WARN_COMMA = YES;
				CLANG_WARN_CONSTANT_CONVERSION = YES;
				CLANG_WARN_DEPRECATED_OBJC_IMPLEMENTATIONS = YES;
				CLANG_WARN_DIRECT_OBJC_ISA_USAGE = YES_ERROR;
				CLANG_WARN_DOCUMENTATION_COMMENTS = YES;
				CLANG_WARN_EMPTY_BODY = YES;
				CLANG_WARN_ENUM_CONVERSION = YES;
				CLANG_WARN_INFINITE_RECURSION = YES;
				CLANG_WARN_INT_CONVERSION = YES;
				CLANG_WARN_NON_LITERAL_NULL_CONVERSION = YES;
				CLANG_WARN_OBJC_IMPLICIT_RETAIN_SELF = YES;
				CLANG_WARN_OBJC_LITERAL_CONVERSION = YES;
				CLANG_WARN_OBJC_ROOT_CLASS = YES_ERROR;
				CLANG_WARN_RANGE_LOOP_ANALYSIS = YES;
				CLANG_WARN_STRICT_PROTOTYPES = YES;
				CLANG_WARN_SUSPICIOUS_MOVE = YES;
				CLANG_WARN_UNGUARDED_AVAILABILITY = YES_AGGRESSIVE;
				CLANG_WARN_UNREACHABLE_CODE = YES;
				CLANG_WARN__DUPLICATE_METHOD_MATCH = YES;
				COPY_PHASE_STRIP = NO;
				DEBUG_INFORMATION_FORMAT = "dwarf-with-dsym";
				ENABLE_NS_ASSERTIONS = NO;
				ENABLE_STRICT_OBJC_MSGSEND = YES;
				GCC_C_LANGUAGE_STANDARD = gnu11;
				GCC_NO_COMMON_BLOCKS = YES;
				GCC_WARN_64_TO_32_BIT_CONVERSION = YES;
				GCC_WARN_ABOUT_RETURN_TYPE = YES_ERROR;
				GCC_WARN_UNDECLARED_SELECTOR = YES;
				GCC_WARN_UNINITIALIZED_AUTOS = YES_AGGRESSIVE;
				GCC_WARN_UNUSED_FUNCTION = YES;
				GCC_WARN_UNUSED_VARIABLE = YES;
				IPHONEOS_DEPLOYMENT_TARGET = 13.2;
				MTL_ENABLE_DEBUG_INFO = NO;
				MTL_FAST_MATH = YES;
				SDKROOT = iphoneos;
				SWIFT_COMPILATION_MODE = wholemodule;
				SWIFT_OPTIMIZATION_LEVEL = "-O";
				VALIDATE_PRODUCT = YES;
			};
			name = Release;
		};
		8D94EC5923EC519200B52432 /* Debug */ = {
			isa = XCBuildConfiguration;
			buildSettings = {
				ASSETCATALOG_COMPILER_APPICON_NAME = AppIcon;
				CODE_SIGN_STYLE = Automatic;
				INFOPLIST_FILE = Lesson43/Info.plist;
				LD_RUNPATH_SEARCH_PATHS = (
					"$(inherited)",
					"@executable_path/Frameworks",
				);
				PRODUCT_BUNDLE_IDENTIFIER = m.tursunov.Lesson43;
				PRODUCT_NAME = "$(TARGET_NAME)";
				SWIFT_VERSION = 5.0;
				TARGETED_DEVICE_FAMILY = "1,2";
			};
			name = Debug;
		};
		8D94EC5A23EC519200B52432 /* Release */ = {
			isa = XCBuildConfiguration;
			buildSettings = {
				ASSETCATALOG_COMPILER_APPICON_NAME = AppIcon;
				CODE_SIGN_STYLE = Automatic;
				INFOPLIST_FILE = Lesson43/Info.plist;
				LD_RUNPATH_SEARCH_PATHS = (
					"$(inherited)",
					"@executable_path/Frameworks",
				);
				PRODUCT_BUNDLE_IDENTIFIER = m.tursunov.Lesson43;
				PRODUCT_NAME = "$(TARGET_NAME)";
				SWIFT_VERSION = 5.0;
				TARGETED_DEVICE_FAMILY = "1,2";
			};
			name = Release;
		};
/* End XCBuildConfiguration section */

/* Begin XCConfigurationList section */
		8D94EC3F23EC519000B52432 /* Build configuration list for PBXProject "Lesson43" */ = {
			isa = XCConfigurationList;
			buildConfigurations = (
				8D94EC5623EC519200B52432 /* Debug */,
				8D94EC5723EC519200B52432 /* Release */,
			);
			defaultConfigurationIsVisible = 0;
			defaultConfigurationName = Release;
		};
		8D94EC5823EC519200B52432 /* Build configuration list for PBXNativeTarget "Lesson43" */ = {
			isa = XCConfigurationList;
			buildConfigurations = (
				8D94EC5923EC519200B52432 /* Debug */,
				8D94EC5A23EC519200B52432 /* Release */,
			);
			defaultConfigurationIsVisible = 0;
			defaultConfigurationName = Release;
		};
/* End XCConfigurationList section */
	};
	rootObject = 8D94EC3C23EC519000B52432 /* Project object */;
}
